
Microsoft Visual Studio Solution File, Format Version 12.00
# Visual Studio Version 16
VisualStudioVersion = 16.0.29709.97
MinimumVisualStudioVersion = 10.0.40219.1
Project("{FAE04EC0-301F-11D3-BF4B-00C04F79EFBC}") = "Homework-1", "Homework-1\Homework-1.csproj", "{C3B3FE94-BC33-493F-8770-DBA697118CB0}"
EndProject
Global
	GlobalSection(SolutionConfigurationPlatforms) = preSolution
		Debug|Any CPU = Debug|Any CPU
		Release|Any CPU = Release|Any CPU
	EndGlobalSection
	GlobalSection(ProjectConfigurationPlatforms) = postSolution
		{C3B3FE94-BC33-493F-8770-DBA697118CB0}.Debug|Any CPU.ActiveCfg = Debug|Any CPU
		{C3B3FE94-BC33-493F-8770-DBA697118CB0}.Debug|Any CPU.Build.0 = Debug|Any CPU
		{C3B3FE94-BC33-493F-8770-DBA697118CB0}.Release|Any CPU.ActiveCfg = Release|Any CPU
		{C3B3FE94-BC33-493F-8770-DBA697118CB0}.Release|Any CPU.Build.0 = Release|Any CPU
	EndGlobalSection
	GlobalSection(SolutionProperties) = preSolution
		HideSolutionNode = FALSE
	EndGlobalSection
	GlobalSection(ExtensibilityGlobals) = postSolution
		SolutionGuid = {F2861A8F-9737-4D11-B07A-AE87DF94BFE8}
	EndGlobalSection
EndGlobal
